
Microsoft Visual Studio Solution File, Format Version 12.00
# Visual Studio Version 17
VisualStudioVersion = 17.10.34928.147
MinimumVisualStudioVersion = 10.0.40219.1
Project("{FAE04EC0-301F-11D3-BF4B-00C04F79EFBC}") = "AuthTest", "AuthTest\AuthTest.csproj", "{46EF9D81-FFF3-43EA-8F60-AC227707FDB8}"
EndProject
Global
	GlobalSection(SolutionConfigurationPlatforms) = preSolution
		Debug|Any CPU = Debug|Any CPU
		Release|Any CPU = Release|Any CPU
	EndGlobalSection
	GlobalSection(ProjectConfigurationPlatforms) = postSolution
		{46EF9D81-FFF3-43EA-8F60-AC227707FDB8}.Debug|Any CPU.ActiveCfg = Debug|Any CPU
		{46EF9D81-FFF3-43EA-8F60-AC227707FDB8}.Debug|Any CPU.Build.0 = Debug|Any CPU
		{46EF9D81-FFF3-43EA-8F60-AC227707FDB8}.Release|Any CPU.ActiveCfg = Release|Any CPU
		{46EF9D81-FFF3-43EA-8F60-AC227707FDB8}.Release|Any CPU.Build.0 = Release|Any CPU
	EndGlobalSection
	GlobalSection(SolutionProperties) = preSolution
		HideSolutionNode = FALSE
	EndGlobalSection
	GlobalSection(ExtensibilityGlobals) = postSolution
		SolutionGuid = {D81C00FE-8ED3-4D59-8FBA-8CD9B52D1B5C}
	EndGlobalSection
EndGlobal
